
Microsoft Visual Studio Solution File, Format Version 12.00
# Visual Studio 15
VisualStudioVersion = 15.0.27428.2043
MinimumVisualStudioVersion = 10.0.40219.1
Project("{8BC9CEB8-8B4A-11D0-8D11-00A0C91BC942}") = "synonms.av.example.cpp", "synonms.av.example.cpp\synonms.av.example.cpp.vcxproj", "{1BBC42A0-524E-49A0-8351-6EBE8B0FCB7F}"
EndProject
Project("{8BC9CEB8-8B4A-11D0-8D11-00A0C91BC942}") = "synonms.av.core", "synonms.av.core\synonms.av.core.vcxproj", "{2652DCA6-4A8D-41E0-99B6-562CCA294231}"
EndProject
Project("{8BC9CEB8-8B4A-11D0-8D11-00A0C91BC942}") = "synonms.av.clr", "synonms.av.clr\synonms.av.clr.vcxproj", "{398C4EF1-7DDA-472F-B728-9936EF7A7920}"
EndProject
Project("{FAE04EC0-301F-11D3-BF4B-00C04F79EFBC}") = "synonms.av.example.cs", "synonms.av.example.cs\synonms.av.example.cs.csproj", "{0D0E87FE-42DC-4914-AFCB-CDE393B2BEBA}"
EndProject
Global
	GlobalSection(SolutionConfigurationPlatforms) = preSolution
		Debug|Any CPU = Debug|Any CPU
		Debug|x64 = Debug|x64
		Debug|x86 = Debug|x86
		Release|Any CPU = Release|Any CPU
		Release|x64 = Release|x64
		Release|x86 = Release|x86
	EndGlobalSection
	GlobalSection(ProjectConfigurationPlatforms) = postSolution
		{1BBC42A0-524E-49A0-8351-6EBE8B0FCB7F}.Debug|Any CPU.ActiveCfg = Debug|x64
		{1BBC42A0-524E-49A0-8351-6EBE8B0FCB7F}.Debug|Any CPU.Build.0 = Debug|x64
		{1BBC42A0-524E-49A0-8351-6EBE8B0FCB7F}.Debug|x64.ActiveCfg = Debug|x64
		{1BBC42A0-524E-49A0-8351-6EBE8B0FCB7F}.Debug|x64.Build.0 = Debug|x64
		{1BBC42A0-524E-49A0-8351-6EBE8B0FCB7F}.Debug|x86.ActiveCfg = Debug|Win32
		{1BBC42A0-524E-49A0-8351-6EBE8B0FCB7F}.Debug|x86.Build.0 = Debug|Win32
		{1BBC42A0-524E-49A0-8351-6EBE8B0FCB7F}.Release|Any CPU.ActiveCfg = Release|Win32
		{1BBC42A0-524E-49A0-8351-6EBE8B0FCB7F}.Release|x64.ActiveCfg = Release|x64
		{1BBC42A0-524E-49A0-8351-6EBE8B0FCB7F}.Release|x64.Build.0 = Release|x64
		{1BBC42A0-524E-49A0-8351-6EBE8B0FCB7F}.Release|x86.ActiveCfg = Release|Win32
		{1BBC42A0-524E-49A0-8351-6EBE8B0FCB7F}.Release|x86.Build.0 = Release|Win32
		{2652DCA6-4A8D-41E0-99B6-562CCA294231}.Debug|Any CPU.ActiveCfg = Debug|x64
		{2652DCA6-4A8D-41E0-99B6-562CCA294231}.Debug|Any CPU.Build.0 = Debug|x64
		{2652DCA6-4A8D-41E0-99B6-562CCA294231}.Debug|x64.ActiveCfg = Debug|x64
		{2652DCA6-4A8D-41E0-99B6-562CCA294231}.Debug|x64.Build.0 = Debug|x64
		{2652DCA6-4A8D-41E0-99B6-562CCA294231}.Debug|x86.ActiveCfg = Debug|Win32
		{2652DCA6-4A8D-41E0-99B6-562CCA294231}.Debug|x86.Build.0 = Debug|Win32
		{2652DCA6-4A8D-41E0-99B6-562CCA294231}.Release|Any CPU.ActiveCfg = Release|Win32
		{2652DCA6-4A8D-41E0-99B6-562CCA294231}.Release|x64.ActiveCfg = Release|x64
		{2652DCA6-4A8D-41E0-99B6-562CCA294231}.Release|x64.Build.0 = Release|x64
		{2652DCA6-4A8D-41E0-99B6-562CCA294231}.Release|x86.ActiveCfg = Release|Win32
		{2652DCA6-4A8D-41E0-99B6-562CCA294231}.Release|x86.Build.0 = Release|Win32
		{398C4EF1-7DDA-472F-B728-9936EF7A7920}.Debug|Any CPU.ActiveCfg = Debug|x64
		{398C4EF1-7DDA-472F-B728-9936EF7A7920}.Debug|Any CPU.Build.0 = Debug|x64
		{398C4EF1-7DDA-472F-B728-9936EF7A7920}.Debug|x64.ActiveCfg = Debug|x64
		{398C4EF1-7DDA-472F-B728-9936EF7A7920}.Debug|x64.Build.0 = Debug|x64
		{398C4EF1-7DDA-472F-B728-9936EF7A7920}.Debug|x86.ActiveCfg = Debug|Win32
		{398C4EF1-7DDA-472F-B728-9936EF7A7920}.Debug|x86.Build.0 = Debug|Win32
		{398C4EF1-7DDA-472F-B728-9936EF7A7920}.Release|Any CPU.ActiveCfg = Release|Win32
		{398C4EF1-7DDA-472F-B728-9936EF7A7920}.Release|x64.ActiveCfg = Release|x64
		{398C4EF1-7DDA-472F-B728-9936EF7A7920}.Release|x64.Build.0 = Release|x64
		{398C4EF1-7DDA-472F-B728-9936EF7A7920}.Release|x86.ActiveCfg = Release|Win32
		{398C4EF1-7DDA-472F-B728-9936EF7A7920}.Release|x86.Build.0 = Release|Win32
		{0D0E87FE-42DC-4914-AFCB-CDE393B2BEBA}.Debug|Any CPU.ActiveCfg = Debug|Any CPU
		{0D0E87FE-42DC-4914-AFCB-CDE393B2BEBA}.Debug|Any CPU.Build.0 = Debug|Any CPU
		{0D0E87FE-42DC-4914-AFCB-CDE393B2BEBA}.Debug|x64.ActiveCfg = Debug|Any CPU
		{0D0E87FE-42DC-4914-AFCB-CDE393B2BEBA}.Debug|x64.Build.0 = Debug|Any CPU
		{0D0E87FE-42DC-4914-AFCB-CDE393B2BEBA}.Debug|x86.ActiveCfg = Debug|Any CPU
		{0D0E87FE-42DC-4914-AFCB-CDE393B2BEBA}.Debug|x86.Build.0 = Debug|Any CPU
		{0D0E87FE-42DC-4914-AFCB-CDE393B2BEBA}.Release|Any CPU.ActiveCfg = Release|Any CPU
		{0D0E87FE-42DC-4914-AFCB-CDE393B2BEBA}.Release|Any CPU.Build.0 = Release|Any CPU
		{0D0E87FE-42DC-4914-AFCB-CDE393B2BEBA}.Release|x64.ActiveCfg = Release|Any CPU
		{0D0E87FE-42DC-4914-AFCB-CDE393B2BEBA}.Release|x64.Build.0 = Release|Any CPU
		{0D0E87FE-42DC-4914-AFCB-CDE393B2BEBA}.Release|x86.ActiveCfg = Release|Any CPU
		{0D0E87FE-42DC-4914-AFCB-CDE393B2BEBA}.Release|x86.Build.0 = Release|Any CPU
	EndGlobalSection
	GlobalSection(SolutionProperties) = preSolution
		HideSolutionNode = FALSE
	EndGlobalSection
	GlobalSection(ExtensibilityGlobals) = postSolution
		SolutionGuid = {34225FB5-75EC-4935-BB6C-6730BF102221}
	EndGlobalSection
EndGlobal
